<?xml version="1.0" encoding="utf-8"?>
<Project ToolsVersion="4.0" xmlns="http://schemas.microsoft.com/developer/msbuild/2003">
  <ItemGroup>
    <Filter Include="File di origine">
      <UniqueIdentifier>{4FC737F1-C7A5-4376-A066-2A32D752A2FF}</UniqueIdentifier>
      <Extensions>cpp;c;cc;cxx;c++;cppm;ixx;def;odl;idl;hpj;bat;asm;asmx</Extensions>
    </Filter>
    <Filter Include="File di intestazione">
      <UniqueIdentifier>{93995380-89BD-4b04-88EB-625FBE52EBFB}</UniqueIdentifier>
      <Extensions>h;hh;hpp;hxx;h++;hm;inl;inc;ipp;xsd</Extensions>
    </Filter>
    <Filter Include="File di risorse">
      <UniqueIdentifier>{67DA6AB6-F800-4c08-8B7A-83BB121AAD01}</UniqueIdentifier>
      <Extensions>rc;ico;cur;bmp;dlg;rc2;rct;bin;rgs;gif;jpg;jpeg;jpe;resx;tiff;tif;png;wav;mfcribbon-ms</Extensions>
    </Filter>
    <Filter Include="File di origine\Shaders">
      <UniqueIdentifier>{0193078e-8494-4899-9ec9-b9c41ce84e5c}</UniqueIdentifier>
    </Filter>
    <Filter Include="File di origine\Textures">
      <UniqueIdentifier>{91f7d156-3003-4df2-be6b-ba830e9a8e8c}</UniqueIdentifier>
    </Filter>
  </ItemGroup>
  <ItemGroup>
    <ClCompile Include="glad.c">
      <Filter>File di risorse</Filter>
    </ClCompile>
    <ClCompile Include="main.cpp">
      <Filter>File di risorse</Filter>
    </ClCompile>
    <ClCompile Include="shaderClass.cpp">
      <Filter>File di risorse</Filter>
    </ClCompile>
    <ClCompile Include="VBO.cpp">
      <Filter>File di risorse</Filter>
    </ClCompile>
    <ClCompile Include="EBO.cpp">
      <Filter>File di risorse</Filter>
    </ClCompile>
    <ClCompile Include="VAO.cpp">
      <Filter>File di risorse</Filter>
    </ClCompile>
    <ClCompile Include="stb.cpp">
      <Filter>File di risorse</Filter>
    </ClCompile>
    <ClCompile Include="Texture.cpp">
      <Filter>File di risorse</Filter>
    </ClCompile>
    <ClCompile Include="Camera.cpp">
      <Filter>File di risorse</Filter>
    </ClCompile>
  </ItemGroup>
  <ItemGroup>
    <None Include="default.vert">
      <Filter>File di origine\Shaders</Filter>
    </None>
    <None Include="default.frag">
      <Filter>File di origine\Shaders</Filter>
    </None>
  </ItemGroup>
  <ItemGroup>
    <ClInclude Include="shaderClass.h">
      <Filter>File di intestazione</Filter>
    </ClInclude>
    <ClInclude Include="VBO.h">
      <Filter>File di intestazione</Filter>
    </ClInclude>
    <ClInclude Include="EBO.h">
      <Filter>File di intestazione</Filter>
    </ClInclude>
    <ClInclude Include="VAO.h">
      <Filter>File di intestazione</Filter>
    </ClInclude>
    <ClInclude Include="Texture.h">
      <Filter>File di intestazione</Filter>
    </ClInclude>
    <ClInclude Include="camera.h">
      <Filter>File di intestazione</Filter>
    </ClInclude>
  </ItemGroup>
  <ItemGroup>
    <Image Include="mine.png">
      <Filter>File di origine\Textures</Filter>
    </Image>
    <Image Include="pop_cat.png">
      <Filter>File di origine\Textures</Filter>
    </Image>
    <Image Include="..\..\..\..\..\Downloads\brick.png">
      <Filter>File di origine\Textures</Filter>
    </Image>
  </ItemGroup>
</Project>